
Microsoft Visual Studio Solution File, Format Version 12.00
# Visual Studio 2012
Project("{FAE04EC0-301F-11D3-BF4B-00C04F79EFBC}") = "SavingsClient", "SavingsClient.csproj", "{F8F577E8-7BF0-49C7-90ED-AA334AE96FCC}"
EndProject
Global
	GlobalSection(SolutionConfigurationPlatforms) = preSolution
		Debug|Any CPU = Debug|Any CPU
		Release|Any CPU = Release|Any CPU
	EndGlobalSection
	GlobalSection(ProjectConfigurationPlatforms) = postSolution
		{F8F577E8-7BF0-49C7-90ED-AA334AE96FCC}.Debug|Any CPU.ActiveCfg = Debug|Any CPU
		{F8F577E8-7BF0-49C7-90ED-AA334AE96FCC}.Debug|Any CPU.Build.0 = Debug|Any CPU
		{F8F577E8-7BF0-49C7-90ED-AA334AE96FCC}.Release|Any CPU.ActiveCfg = Release|Any CPU
		{F8F577E8-7BF0-49C7-90ED-AA334AE96FCC}.Release|Any CPU.Build.0 = Release|Any CPU
	EndGlobalSection
	GlobalSection(SolutionProperties) = preSolution
		HideSolutionNode = FALSE
	EndGlobalSection
EndGlobal
